
Microsoft Visual Studio Solution File, Format Version 12.00
# Visual Studio Version 17
VisualStudioVersion = 17.0.31903.59
MinimumVisualStudioVersion = 10.0.40219.1
Project("{2150E333-8FDC-42A3-9474-1A3956D46DE8}") = "src", "src", "{5FBA1C78-B8D6-4961-A7AA-5C41EAC4DCAF}"
EndProject
Project("{FAE04EC0-301F-11D3-BF4B-00C04F79EFBC}") = "Bearz.Internal", "src\Internal\Bearz.Internal.csproj", "{CFFA678A-D113-4307-869E-1BDD6EA3E977}"
EndProject
Project("{FAE04EC0-301F-11D3-BF4B-00C04F79EFBC}") = "Bearz.Core", "src\Core\Bearz.Core.csproj", "{F9AD2BC4-BEE5-40AE-B88B-27580A8999FF}"
EndProject
Project("{2150E333-8FDC-42A3-9474-1A3956D46DE8}") = "test", "test", "{A79330F0-A408-45B1-A35C-788B0C616621}"
EndProject
Project("{FAE04EC0-301F-11D3-BF4B-00C04F79EFBC}") = "Bearz.Dfx.Tests", "test\Dfx.Tests\Bearz.Dfx.Tests.csproj", "{D99324D2-B3B1-4F89-86A7-2BEA4D1646B9}"
EndProject
Project("{2150E333-8FDC-42A3-9474-1A3956D46DE8}") = ".root", ".root", "{265B08D8-3D4C-4166-B225-7730E48FCA0D}"
	ProjectSection(SolutionItems) = preProject
		Directory.Build.props = Directory.Build.props
		Directory.Build.targets = Directory.Build.targets
		Directory.Packages.props = Directory.Packages.props
		LICENSE.md = LICENSE.md
		README.md = README.md
		version.json = version.json
	EndProjectSection
EndProject
Project("{FAE04EC0-301F-11D3-BF4B-00C04F79EFBC}") = "Bearz.CommandLine.Hosting", "src\CommandLine.Hosting\Bearz.CommandLine.Hosting.csproj", "{E13147BE-451C-4077-8850-8F0C3DF398D1}"
EndProject
Project("{FAE04EC0-301F-11D3-BF4B-00C04F79EFBC}") = "Bearz.Text.DotEnv", "src\Text.DotEnv\Bearz.Text.DotEnv.csproj", "{483A69EE-90E8-45AE-967D-10AB6C0CC73C}"
EndProject
Project("{FAE04EC0-301F-11D3-BF4B-00C04F79EFBC}") = "Bearz.Extensions.Logging.Abstractions", "src\Extensions.Logging.Abstractions\Bearz.Extensions.Logging.Abstractions.csproj", "{107C714C-0CA2-4489-8746-253F19A7693E}"
EndProject
Project("{FAE04EC0-301F-11D3-BF4B-00C04F79EFBC}") = "Bearz.Security.Cryptography", "src\Security.Cryptograpy\Bearz.Security.Cryptography.csproj", "{7B40C7F7-8B17-4243-B432-030EFD1DA407}"
EndProject
Project("{FAE04EC0-301F-11D3-BF4B-00C04F79EFBC}") = "Bearz.Security.Cryptography.X509Certificates", "src\Security.Cryptograpy.X509Certificates\Bearz.Security.Cryptography.X509Certificates.csproj", "{C5F9C85B-EB6D-46FD-867B-E129F424851C}"
EndProject
Project("{FAE04EC0-301F-11D3-BF4B-00C04F79EFBC}") = "Bearz.Extensions.Hosting", "src\Extensions.Hosting\Bearz.Extensions.Hosting.csproj", "{A0D92629-5428-4C0B-862E-F3B2E2FFE661}"
EndProject
Global
	GlobalSection(SolutionConfigurationPlatforms) = preSolution
		Debug|Any CPU = Debug|Any CPU
		Release|Any CPU = Release|Any CPU
	EndGlobalSection
	GlobalSection(SolutionProperties) = preSolution
		HideSolutionNode = FALSE
	EndGlobalSection
	GlobalSection(ProjectConfigurationPlatforms) = postSolution
		{CFFA678A-D113-4307-869E-1BDD6EA3E977}.Debug|Any CPU.ActiveCfg = Debug|Any CPU
		{CFFA678A-D113-4307-869E-1BDD6EA3E977}.Debug|Any CPU.Build.0 = Debug|Any CPU
		{CFFA678A-D113-4307-869E-1BDD6EA3E977}.Release|Any CPU.ActiveCfg = Release|Any CPU
		{CFFA678A-D113-4307-869E-1BDD6EA3E977}.Release|Any CPU.Build.0 = Release|Any CPU
		{F9AD2BC4-BEE5-40AE-B88B-27580A8999FF}.Debug|Any CPU.ActiveCfg = Debug|Any CPU
		{F9AD2BC4-BEE5-40AE-B88B-27580A8999FF}.Debug|Any CPU.Build.0 = Debug|Any CPU
		{F9AD2BC4-BEE5-40AE-B88B-27580A8999FF}.Release|Any CPU.ActiveCfg = Release|Any CPU
		{F9AD2BC4-BEE5-40AE-B88B-27580A8999FF}.Release|Any CPU.Build.0 = Release|Any CPU
		{D99324D2-B3B1-4F89-86A7-2BEA4D1646B9}.Debug|Any CPU.ActiveCfg = Debug|Any CPU
		{D99324D2-B3B1-4F89-86A7-2BEA4D1646B9}.Debug|Any CPU.Build.0 = Debug|Any CPU
		{D99324D2-B3B1-4F89-86A7-2BEA4D1646B9}.Release|Any CPU.ActiveCfg = Release|Any CPU
		{D99324D2-B3B1-4F89-86A7-2BEA4D1646B9}.Release|Any CPU.Build.0 = Release|Any CPU
		{E13147BE-451C-4077-8850-8F0C3DF398D1}.Debug|Any CPU.ActiveCfg = Debug|Any CPU
		{E13147BE-451C-4077-8850-8F0C3DF398D1}.Debug|Any CPU.Build.0 = Debug|Any CPU
		{E13147BE-451C-4077-8850-8F0C3DF398D1}.Release|Any CPU.ActiveCfg = Release|Any CPU
		{E13147BE-451C-4077-8850-8F0C3DF398D1}.Release|Any CPU.Build.0 = Release|Any CPU
		{483A69EE-90E8-45AE-967D-10AB6C0CC73C}.Debug|Any CPU.ActiveCfg = Debug|Any CPU
		{483A69EE-90E8-45AE-967D-10AB6C0CC73C}.Debug|Any CPU.Build.0 = Debug|Any CPU
		{483A69EE-90E8-45AE-967D-10AB6C0CC73C}.Release|Any CPU.ActiveCfg = Release|Any CPU
		{483A69EE-90E8-45AE-967D-10AB6C0CC73C}.Release|Any CPU.Build.0 = Release|Any CPU
		{107C714C-0CA2-4489-8746-253F19A7693E}.Debug|Any CPU.ActiveCfg = Debug|Any CPU
		{107C714C-0CA2-4489-8746-253F19A7693E}.Debug|Any CPU.Build.0 = Debug|Any CPU
		{107C714C-0CA2-4489-8746-253F19A7693E}.Release|Any CPU.ActiveCfg = Release|Any CPU
		{107C714C-0CA2-4489-8746-253F19A7693E}.Release|Any CPU.Build.0 = Release|Any CPU
		{7B40C7F7-8B17-4243-B432-030EFD1DA407}.Debug|Any CPU.ActiveCfg = Debug|Any CPU
		{7B40C7F7-8B17-4243-B432-030EFD1DA407}.Debug|Any CPU.Build.0 = Debug|Any CPU
		{7B40C7F7-8B17-4243-B432-030EFD1DA407}.Release|Any CPU.ActiveCfg = Release|Any CPU
		{7B40C7F7-8B17-4243-B432-030EFD1DA407}.Release|Any CPU.Build.0 = Release|Any CPU
		{C5F9C85B-EB6D-46FD-867B-E129F424851C}.Debug|Any CPU.ActiveCfg = Debug|Any CPU
		{C5F9C85B-EB6D-46FD-867B-E129F424851C}.Debug|Any CPU.Build.0 = Debug|Any CPU
		{C5F9C85B-EB6D-46FD-867B-E129F424851C}.Release|Any CPU.ActiveCfg = Release|Any CPU
		{C5F9C85B-EB6D-46FD-867B-E129F424851C}.Release|Any CPU.Build.0 = Release|Any CPU
		{A0D92629-5428-4C0B-862E-F3B2E2FFE661}.Debug|Any CPU.ActiveCfg = Debug|Any CPU
		{A0D92629-5428-4C0B-862E-F3B2E2FFE661}.Debug|Any CPU.Build.0 = Debug|Any CPU
		{A0D92629-5428-4C0B-862E-F3B2E2FFE661}.Release|Any CPU.ActiveCfg = Release|Any CPU
		{A0D92629-5428-4C0B-862E-F3B2E2FFE661}.Release|Any CPU.Build.0 = Release|Any CPU
	EndGlobalSection
	GlobalSection(NestedProjects) = preSolution
		{CFFA678A-D113-4307-869E-1BDD6EA3E977} = {5FBA1C78-B8D6-4961-A7AA-5C41EAC4DCAF}
		{F9AD2BC4-BEE5-40AE-B88B-27580A8999FF} = {5FBA1C78-B8D6-4961-A7AA-5C41EAC4DCAF}
		{D99324D2-B3B1-4F89-86A7-2BEA4D1646B9} = {A79330F0-A408-45B1-A35C-788B0C616621}
		{E13147BE-451C-4077-8850-8F0C3DF398D1} = {5FBA1C78-B8D6-4961-A7AA-5C41EAC4DCAF}
		{483A69EE-90E8-45AE-967D-10AB6C0CC73C} = {5FBA1C78-B8D6-4961-A7AA-5C41EAC4DCAF}
		{107C714C-0CA2-4489-8746-253F19A7693E} = {5FBA1C78-B8D6-4961-A7AA-5C41EAC4DCAF}
		{7B40C7F7-8B17-4243-B432-030EFD1DA407} = {5FBA1C78-B8D6-4961-A7AA-5C41EAC4DCAF}
		{C5F9C85B-EB6D-46FD-867B-E129F424851C} = {5FBA1C78-B8D6-4961-A7AA-5C41EAC4DCAF}
		{A0D92629-5428-4C0B-862E-F3B2E2FFE661} = {5FBA1C78-B8D6-4961-A7AA-5C41EAC4DCAF}
	EndGlobalSection
EndGlobal
